
Microsoft Visual Studio Solution File, Format Version 12.00
# Visual Studio Version 16
VisualStudioVersion = 16.0.29905.134
MinimumVisualStudioVersion = 10.0.40219.1
Project("{FAE04EC0-301F-11D3-BF4B-00C04F79EFBC}") = "RRHH", "RRHH.csproj", "{11025717-A475-4AB2-B23C-31B4F1D17231}"
EndProject
Global
	GlobalSection(SolutionConfigurationPlatforms) = preSolution
		Debug|Any CPU = Debug|Any CPU
		Release|Any CPU = Release|Any CPU
	EndGlobalSection
	GlobalSection(ProjectConfigurationPlatforms) = postSolution
		{11025717-A475-4AB2-B23C-31B4F1D17231}.Debug|Any CPU.ActiveCfg = Debug|Any CPU
		{11025717-A475-4AB2-B23C-31B4F1D17231}.Debug|Any CPU.Build.0 = Debug|Any CPU
		{11025717-A475-4AB2-B23C-31B4F1D17231}.Release|Any CPU.ActiveCfg = Release|Any CPU
		{11025717-A475-4AB2-B23C-31B4F1D17231}.Release|Any CPU.Build.0 = Release|Any CPU
	EndGlobalSection
	GlobalSection(SolutionProperties) = preSolution
		HideSolutionNode = FALSE
	EndGlobalSection
	GlobalSection(ExtensibilityGlobals) = postSolution
		SolutionGuid = {821583C3-67DC-4A09-8D9F-A0BDA8592E95}
	EndGlobalSection
EndGlobal
